
Microsoft Visual Studio Solution File, Format Version 12.00
# Visual Studio Version 17
VisualStudioVersion = 17.0.31903.59
MinimumVisualStudioVersion = 10.0.40219.1
Project("{2150E333-8FDC-42A3-9474-1A3956E46DE8}") = "AppTrust.Client", "AppTrust.Client", "{D1E2F3A4-B5C6-4789-D012-3456789ABCDE}"
EndProject
Project("{2150E333-8FDC-42A3-9474-1A3956E46DE8}") = "AppTrust.Service", "AppTrust.Service", "{E2F3A4B5-C6D7-4890-E123-456789ABCDEF}"
EndProject
Project("{2150E333-8FDC-42A3-9474-1A3956E46DE8}") = "Tests", "Tests", "{C3D4E5F6-A7B8-9012-CDEF-345678901234}"
EndProject
Project("{FAE04EC0-301F-11D3-BF4B-00C04F79EFBC}") = "AppTrust.Client.Contracts", "AppTrust.Client\AppTrust.Client.Contracts\AppTrust.Client.Contracts.csproj", "{7256F3FB-6998-4A48-AF18-8FB5F3F56E6B}"
EndProject
Project("{FAE04EC0-301F-11D3-BF4B-00C04F79EFBC}") = "AppTrust.Client.Infrastructure", "AppTrust.Client\AppTrust.Client.Infrastructure\AppTrust.Client.Infrastructure.csproj", "{51BEF87F-846A-41C6-9077-414B279C535E}"
EndProject
Project("{FAE04EC0-301F-11D3-BF4B-00C04F79EFBC}") = "AppTrust.Client.API", "AppTrust.Client\AppTrust.Client.API\AppTrust.Client.API.csproj", "{4B7D46EA-7039-407E-8080-AEFE902551F5}"
EndProject
Project("{FAE04EC0-301F-11D3-BF4B-00C04F79EFBC}") = "AppTrust.Client.Tests", "AppTrust.Client\AppTrust.Client.Tests\AppTrust.Client.Tests.csproj", "{A1A1A1A1-1111-1111-1111-111111111101}"
EndProject
Project("{FAE04EC0-301F-11D3-BF4B-00C04F79EFBC}") = "AppTrust.Service.Contracts", "AppTrust.Service\AppTrust.Service.Contracts\AppTrust.Service.Contracts.csproj", "{E883C292-C507-400E-8975-9063795E4107}"
EndProject
Project("{FAE04EC0-301F-11D3-BF4B-00C04F79EFBC}") = "AppTrust.Service.Infrastructure", "AppTrust.Service\AppTrust.Service.Infrastructure\AppTrust.Service.Infrastructure.csproj", "{B5828C08-4AE5-4769-BF43-0D3C464EA52D}"
EndProject
Project("{FAE04EC0-301F-11D3-BF4B-00C04F79EFBC}") = "AppTrust.Service.API", "AppTrust.Service\AppTrust.Service.API\AppTrust.Service.API.csproj", "{6A571699-AC0F-48D9-A179-2D1303DE733E}"
EndProject
Project("{FAE04EC0-301F-11D3-BF4B-00C04F79EFBC}") = "AppTrust.Service.Tests", "AppTrust.Service\AppTrust.Service.Tests\AppTrust.Service.Tests.csproj", "{B1B1B1B1-1111-1111-1111-111111111101}"
EndProject
Project("{FAE04EC0-301F-11D3-BF4B-00C04F79EFBC}") = "AppTrust.Sdk", "AppTrust.Sdk\AppTrust.Sdk.csproj", "{3004BEE9-836C-4C43-8DEC-7872954F98A1}"
EndProject
Project("{FAE04EC0-301F-11D3-BF4B-00C04F79EFBC}") = "AppTrust.Sdk.Tests", "AppTrust.Sdk\AppTrust.Sdk.Tests\AppTrust.Sdk.Tests.csproj", "{C1C1C1C1-1111-1111-1111-111111111101}"
EndProject
Project("{FAE04EC0-301F-11D3-BF4B-00C04F79EFBC}") = "AppTrust.E2E.Tests", "Tests\AppTrust.E2E.Tests\AppTrust.E2E.Tests.csproj", "{D1D1D1D1-1111-1111-1111-111111111101}"
EndProject
Global
	GlobalSection(SolutionConfigurationPlatforms) = preSolution
		Debug|Any CPU = Debug|Any CPU
		Release|Any CPU = Release|Any CPU
	EndGlobalSection
	GlobalSection(ProjectConfigurationPlatforms) = postSolution
		{7256F3FB-6998-4A48-AF18-8FB5F3F56E6B}.Debug|Any CPU.ActiveCfg = Debug|Any CPU
		{7256F3FB-6998-4A48-AF18-8FB5F3F56E6B}.Debug|Any CPU.Build.0 = Debug|Any CPU
		{7256F3FB-6998-4A48-AF18-8FB5F3F56E6B}.Release|Any CPU.ActiveCfg = Release|Any CPU
		{7256F3FB-6998-4A48-AF18-8FB5F3F56E6B}.Release|Any CPU.Build.0 = Release|Any CPU
		{51BEF87F-846A-41C6-9077-414B279C535E}.Debug|Any CPU.ActiveCfg = Debug|Any CPU
		{51BEF87F-846A-41C6-9077-414B279C535E}.Debug|Any CPU.Build.0 = Debug|Any CPU
		{51BEF87F-846A-41C6-9077-414B279C535E}.Release|Any CPU.ActiveCfg = Release|Any CPU
		{51BEF87F-846A-41C6-9077-414B279C535E}.Release|Any CPU.Build.0 = Release|Any CPU
		{4B7D46EA-7039-407E-8080-AEFE902551F5}.Debug|Any CPU.ActiveCfg = Debug|Any CPU
		{4B7D46EA-7039-407E-8080-AEFE902551F5}.Debug|Any CPU.Build.0 = Debug|Any CPU
		{4B7D46EA-7039-407E-8080-AEFE902551F5}.Release|Any CPU.ActiveCfg = Release|Any CPU
		{4B7D46EA-7039-407E-8080-AEFE902551F5}.Release|Any CPU.Build.0 = Release|Any CPU
		{A1A1A1A1-1111-1111-1111-111111111101}.Debug|Any CPU.ActiveCfg = Debug|Any CPU
		{A1A1A1A1-1111-1111-1111-111111111101}.Debug|Any CPU.Build.0 = Debug|Any CPU
		{A1A1A1A1-1111-1111-1111-111111111101}.Release|Any CPU.ActiveCfg = Release|Any CPU
		{A1A1A1A1-1111-1111-1111-111111111101}.Release|Any CPU.Build.0 = Release|Any CPU
		{E883C292-C507-400E-8975-9063795E4107}.Debug|Any CPU.ActiveCfg = Debug|Any CPU
		{E883C292-C507-400E-8975-9063795E4107}.Debug|Any CPU.Build.0 = Debug|Any CPU
		{E883C292-C507-400E-8975-9063795E4107}.Release|Any CPU.ActiveCfg = Release|Any CPU
		{E883C292-C507-400E-8975-9063795E4107}.Release|Any CPU.Build.0 = Release|Any CPU
		{B5828C08-4AE5-4769-BF43-0D3C464EA52D}.Debug|Any CPU.ActiveCfg = Debug|Any CPU
		{B5828C08-4AE5-4769-BF43-0D3C464EA52D}.Debug|Any CPU.Build.0 = Debug|Any CPU
		{B5828C08-4AE5-4769-BF43-0D3C464EA52D}.Release|Any CPU.ActiveCfg = Release|Any CPU
		{B5828C08-4AE5-4769-BF43-0D3C464EA52D}.Release|Any CPU.Build.0 = Release|Any CPU
		{6A571699-AC0F-48D9-A179-2D1303DE733E}.Debug|Any CPU.ActiveCfg = Debug|Any CPU
		{6A571699-AC0F-48D9-A179-2D1303DE733E}.Debug|Any CPU.Build.0 = Debug|Any CPU
		{6A571699-AC0F-48D9-A179-2D1303DE733E}.Release|Any CPU.ActiveCfg = Release|Any CPU
		{6A571699-AC0F-48D9-A179-2D1303DE733E}.Release|Any CPU.Build.0 = Release|Any CPU
		{B1B1B1B1-1111-1111-1111-111111111101}.Debug|Any CPU.ActiveCfg = Debug|Any CPU
		{B1B1B1B1-1111-1111-1111-111111111101}.Debug|Any CPU.Build.0 = Debug|Any CPU
		{B1B1B1B1-1111-1111-1111-111111111101}.Release|Any CPU.ActiveCfg = Release|Any CPU
		{B1B1B1B1-1111-1111-1111-111111111101}.Release|Any CPU.Build.0 = Release|Any CPU
		{3004BEE9-836C-4C43-8DEC-7872954F98A1}.Debug|Any CPU.ActiveCfg = Debug|Any CPU
		{3004BEE9-836C-4C43-8DEC-7872954F98A1}.Debug|Any CPU.Build.0 = Debug|Any CPU
		{3004BEE9-836C-4C43-8DEC-7872954F98A1}.Release|Any CPU.ActiveCfg = Release|Any CPU
		{3004BEE9-836C-4C43-8DEC-7872954F98A1}.Release|Any CPU.Build.0 = Release|Any CPU
		{C1C1C1C1-1111-1111-1111-111111111101}.Debug|Any CPU.ActiveCfg = Debug|Any CPU
		{C1C1C1C1-1111-1111-1111-111111111101}.Debug|Any CPU.Build.0 = Debug|Any CPU
		{C1C1C1C1-1111-1111-1111-111111111101}.Release|Any CPU.ActiveCfg = Release|Any CPU
		{C1C1C1C1-1111-1111-1111-111111111101}.Release|Any CPU.Build.0 = Release|Any CPU
		{D1D1D1D1-1111-1111-1111-111111111101}.Debug|Any CPU.ActiveCfg = Debug|Any CPU
		{D1D1D1D1-1111-1111-1111-111111111101}.Debug|Any CPU.Build.0 = Debug|Any CPU
		{D1D1D1D1-1111-1111-1111-111111111101}.Release|Any CPU.ActiveCfg = Release|Any CPU
		{D1D1D1D1-1111-1111-1111-111111111101}.Release|Any CPU.Build.0 = Release|Any CPU
	EndGlobalSection
	GlobalSection(SolutionProperties) = preSolution
		HideSolutionNode = FALSE
	EndGlobalSection
	GlobalSection(NestedProjects) = preSolution
		{7256F3FB-6998-4A48-AF18-8FB5F3F56E6B} = {D1E2F3A4-B5C6-4789-D012-3456789ABCDE}
		{51BEF87F-846A-41C6-9077-414B279C535E} = {D1E2F3A4-B5C6-4789-D012-3456789ABCDE}
		{4B7D46EA-7039-407E-8080-AEFE902551F5} = {D1E2F3A4-B5C6-4789-D012-3456789ABCDE}
		{A1A1A1A1-1111-1111-1111-111111111101} = {D1E2F3A4-B5C6-4789-D012-3456789ABCDE}
		{E883C292-C507-400E-8975-9063795E4107} = {E2F3A4B5-C6D7-4890-E123-456789ABCDEF}
		{B5828C08-4AE5-4769-BF43-0D3C464EA52D} = {E2F3A4B5-C6D7-4890-E123-456789ABCDEF}
		{6A571699-AC0F-48D9-A179-2D1303DE733E} = {E2F3A4B5-C6D7-4890-E123-456789ABCDEF}
		{B1B1B1B1-1111-1111-1111-111111111101} = {E2F3A4B5-C6D7-4890-E123-456789ABCDEF}
		{D1D1D1D1-1111-1111-1111-111111111101} = {C3D4E5F6-A7B8-9012-CDEF-345678901234}
	EndGlobalSection
EndGlobal
